
Microsoft Visual Studio Solution File, Format Version 12.00
# Visual Studio Version 17
VisualStudioVersion = 17.0.31903.59
MinimumVisualStudioVersion = 10.0.40219.1
Project("{2150E333-8FDC-42A3-9474-1A3956D46DE8}") = "src", "src", "{E69A1F69-F82F-4238-8B33-F857E86B0483}"
EndProject
Project("{FAE04EC0-301F-11D3-BF4B-00C04F79EFBC}") = "Nesine.Build", "src\Nesine.Build\Nesine.Build.csproj", "{64334719-A0D1-4066-A37A-33108687CAA5}"
EndProject
Project("{2150E333-8FDC-42A3-9474-1A3956D46DE8}") = "SolutionFolder", "SolutionFolder", "{C289E266-7D5A-472C-8C5C-45AB83F69F3D}"
	ProjectSection(SolutionItems) = preProject
		Directory.Build.props = Directory.Build.props
		publish.cmd = publish.cmd
		nuget.config = nuget.config
	EndProjectSection
EndProject
Global
	GlobalSection(SolutionConfigurationPlatforms) = preSolution
		Debug|Any CPU = Debug|Any CPU
		Release|Any CPU = Release|Any CPU
	EndGlobalSection
	GlobalSection(SolutionProperties) = preSolution
		HideSolutionNode = FALSE
	EndGlobalSection
	GlobalSection(ProjectConfigurationPlatforms) = postSolution
		{64334719-A0D1-4066-A37A-33108687CAA5}.Debug|Any CPU.ActiveCfg = Debug|Any CPU
		{64334719-A0D1-4066-A37A-33108687CAA5}.Debug|Any CPU.Build.0 = Debug|Any CPU
		{64334719-A0D1-4066-A37A-33108687CAA5}.Release|Any CPU.ActiveCfg = Release|Any CPU
		{64334719-A0D1-4066-A37A-33108687CAA5}.Release|Any CPU.Build.0 = Release|Any CPU
	EndGlobalSection
	GlobalSection(NestedProjects) = preSolution
		{64334719-A0D1-4066-A37A-33108687CAA5} = {E69A1F69-F82F-4238-8B33-F857E86B0483}
	EndGlobalSection
EndGlobal
